// !$*UTF8*$!
{
	archiveVersion = 1;
	classes = {
	};
	objectVersion = 50;
	objects = {

/* Begin PBXBuildFile section */
		07D18001244EA8AB005FE8B7 /* AppDelegate.swift in Sources */ = {isa = PBXBuildFile; fileRef = 07D18000244EA8AB005FE8B7 /* AppDelegate.swift */; };
		07D18003244EA8AB005FE8B7 /* SceneDelegate.swift in Sources */ = {isa = PBXBuildFile; fileRef = 07D18002244EA8AB005FE8B7 /* SceneDelegate.swift */; };
		07D18006244EA8AB005FE8B7 /* HelloState.xcdatamodeld in Sources */ = {isa = PBXBuildFile; fileRef = 07D18004244EA8AB005FE8B7 /* HelloState.xcdatamodeld */; };
		07D18008244EA8AB005FE8B7 /* ContentView.swift in Sources */ = {isa = PBXBuildFile; fileRef = 07D18007244EA8AB005FE8B7 /* ContentView.swift */; };
		07D1800A244EA8AE005FE8B7 /* Assets.xcassets in Resources */ = {isa = PBXBuildFile; fileRef = 07D18009244EA8AE005FE8B7 /* Assets.xcassets */; };
		07D1800D244EA8AE005FE8B7 /* Preview Assets.xcassets in Resources */ = {isa = PBXBuildFile; fileRef = 07D1800C244EA8AE005FE8B7 /* Preview Assets.xcassets */; };
		07D18010244EA8AE005FE8B7 /* LaunchScreen.storyboard in Resources */ = {isa = PBXBuildFile; fileRef = 07D1800E244EA8AE005FE8B7 /* LaunchScreen.storyboard */; };
		07D1801B244EA8AE005FE8B7 /* HelloStateTests.swift in Sources */ = {isa = PBXBuildFile; fileRef = 07D1801A244EA8AE005FE8B7 /* HelloStateTests.swift */; };
		07D18026244EA8AE005FE8B7 /* HelloStateUITests.swift in Sources */ = {isa = PBXBuildFile; fileRef = 07D18025244EA8AE005FE8B7 /* HelloStateUITests.swift */; };
		07D18034244EB165005FE8B7 /* Dish.swift in Sources */ = {isa = PBXBuildFile; fileRef = 07D18033244EB165005FE8B7 /* Dish.swift */; };
/* End PBXBuildFile section */

/* Begin PBXContainerItemProxy section */
		07D18017244EA8AE005FE8B7 /* PBXContainerItemProxy */ = {
			isa = PBXContainerItemProxy;
			containerPortal = 07D17FF5244EA8AB005FE8B7 /* Project object */;
			proxyType = 1;
			remoteGlobalIDString = 07D17FFC244EA8AB005FE8B7;
			remoteInfo = HelloState;
		};
		07D18022244EA8AE005FE8B7 /* PBXContainerItemProxy */ = {
			isa = PBXContainerItemProxy;
			containerPortal = 07D17FF5244EA8AB005FE8B7 /* Project object */;
			proxyType = 1;
			remoteGlobalIDString = 07D17FFC244EA8AB005FE8B7;
			remoteInfo = HelloState;
		};
/* End PBXContainerItemProxy section */

/* Begin PBXFileReference section */
		07D17FFD244EA8AB005FE8B7 /* HelloState.app */ = {isa = PBXFileReference; explicitFileType = wrapper.application; includeInIndex = 0; path = HelloState.app; sourceTree = BUILT_PRODUCTS_DIR; };
		07D18000244EA8AB005FE8B7 /* AppDelegate.swift */ = {isa = PBXFileReference; lastKnownFileType = sourcecode.swift; path = AppDelegate.swift; sourceTree = "<group>"; };
		07D18002244EA8AB005FE8B7 /* SceneDelegate.swift */ = {isa = PBXFileReference; lastKnownFileType = sourcecode.swift; path = SceneDelegate.swift; sourceTree = "<group>"; };
		07D18005244EA8AB005FE8B7 /* HelloState.xcdatamodel */ = {isa = PBXFileReference; lastKnownFileType = wrapper.xcdatamodel; path = HelloState.xcdatamodel; sourceTree = "<group>"; };
		07D18007244EA8AB005FE8B7 /* ContentView.swift */ = {isa = PBXFileReference; lastKnownFileType = sourcecode.swift; path = ContentView.swift; sourceTree = "<group>"; };
		07D18009244EA8AE005FE8B7 /* Assets.xcassets */ = {isa = PBXFileReference; lastKnownFileType = folder.assetcatalog; path = Assets.xcassets; sourceTree = "<group>"; };
		07D1800C244EA8AE005FE8B7 /* Preview Assets.xcassets */ = {isa = PBXFileReference; lastKnownFileType = folder.assetcatalog; path = "Preview Assets.xcassets"; sourceTree = "<group>"; };
		07D1800F244EA8AE005FE8B7 /* Base */ = {isa = PBXFileReference; lastKnownFileType = file.storyboard; name = Base; path = Base.lproj/LaunchScreen.storyboard; sourceTree = "<group>"; };
		07D18011244EA8AE005FE8B7 /* Info.plist */ = {isa = PBXFileReference; lastKnownFileType = text.plist.xml; path = Info.plist; sourceTree = "<group>"; };
		07D18016244EA8AE005FE8B7 /* HelloStateTests.xctest */ = {isa = PBXFileReference; explicitFileType = wrapper.cfbundle; includeInIndex = 0; path = HelloStateTests.xctest; sourceTree = BUILT_PRODUCTS_DIR; };
		07D1801A244EA8AE005FE8B7 /* HelloStateTests.swift */ = {isa = PBXFileReference; lastKnownFileType = sourcecode.swift; path = HelloStateTests.swift; sourceTree = "<group>"; };
		07D1801C244EA8AE005FE8B7 /* Info.plist */ = {isa = PBXFileReference; lastKnownFileType = text.plist.xml; path = Info.plist; sourceTree = "<group>"; };
		07D18021244EA8AE005FE8B7 /* HelloStateUITests.xctest */ = {isa = PBXFileReference; explicitFileType = wrapper.cfbundle; includeInIndex = 0; path = HelloStateUITests.xctest; sourceTree = BUILT_PRODUCTS_DIR; };
		07D18025244EA8AE005FE8B7 /* HelloStateUITests.swift */ = {isa = PBXFileReference; lastKnownFileType = sourcecode.swift; path = HelloStateUITests.swift; sourceTree = "<group>"; };
		07D18027244EA8AE005FE8B7 /* Info.plist */ = {isa = PBXFileReference; lastKnownFileType = text.plist.xml; path = Info.plist; sourceTree = "<group>"; };
		07D18033244EB165005FE8B7 /* Dish.swift */ = {isa = PBXFileReference; lastKnownFileType = sourcecode.swift; path = Dish.swift; sourceTree = "<group>"; };
/* End PBXFileReference section */

/* Begin PBXFrameworksBuildPhase section */
		07D17FFA244EA8AB005FE8B7 /* Frameworks */ = {
			isa = PBXFrameworksBuildPhase;
			buildActionMask = 2147483647;
			files = (
			);
			runOnlyForDeploymentPostprocessing = 0;
		};
		07D18013244EA8AE005FE8B7 /* Frameworks */ = {
			isa = PBXFrameworksBuildPhase;
			buildActionMask = 2147483647;
			files = (
			);
			runOnlyForDeploymentPostprocessing = 0;
		};
		07D1801E244EA8AE005FE8B7 /* Frameworks */ = {
			isa = PBXFrameworksBuildPhase;
			buildActionMask = 2147483647;
			files = (
			);
			runOnlyForDeploymentPostprocessing = 0;
		};
/* End PBXFrameworksBuildPhase section */

/* Begin PBXGroup section */
		07D17FF4244EA8AB005FE8B7 = {
			isa = PBXGroup;
			children = (
				07D17FFF244EA8AB005FE8B7 /* HelloState */,
				07D18019244EA8AE005FE8B7 /* HelloStateTests */,
				07D18024244EA8AE005FE8B7 /* HelloStateUITests */,
				07D17FFE244EA8AB005FE8B7 /* Products */,
			);
			sourceTree = "<group>";
		};
		07D17FFE244EA8AB005FE8B7 /* Products */ = {
			isa = PBXGroup;
			children = (
				07D17FFD244EA8AB005FE8B7 /* HelloState.app */,
				07D18016244EA8AE005FE8B7 /* HelloStateTests.xctest */,
				07D18021244EA8AE005FE8B7 /* HelloStateUITests.xctest */,
			);
			name = Products;
			sourceTree = "<group>";
		};
		07D17FFF244EA8AB005FE8B7 /* HelloState */ = {
			isa = PBXGroup;
			children = (
				07D18000244EA8AB005FE8B7 /* AppDelegate.swift */,
				07D18002244EA8AB005FE8B7 /* SceneDelegate.swift */,
				07D18007244EA8AB005FE8B7 /* ContentView.swift */,
				07D18009244EA8AE005FE8B7 /* Assets.xcassets */,
				07D1800E244EA8AE005FE8B7 /* LaunchScreen.storyboard */,
				07D18011244EA8AE005FE8B7 /* Info.plist */,
				07D18004244EA8AB005FE8B7 /* HelloState.xcdatamodeld */,
				07D1800B244EA8AE005FE8B7 /* Preview Content */,
				07D18033244EB165005FE8B7 /* Dish.swift */,
			);
			path = HelloState;
			sourceTree = "<group>";
		};
		07D1800B244EA8AE005FE8B7 /* Preview Content */ = {
			isa = PBXGroup;
			children = (
				07D1800C244EA8AE005FE8B7 /* Preview Assets.xcassets */,
			);
			path = "Preview Content";
			sourceTree = "<group>";
		};
		07D18019244EA8AE005FE8B7 /* HelloStateTests */ = {
			isa = PBXGroup;
			children = (
				07D1801A244EA8AE005FE8B7 /* HelloStateTests.swift */,
				07D1801C244EA8AE005FE8B7 /* Info.plist */,
			);
			path = HelloStateTests;
			sourceTree = "<group>";
		};
		07D18024244EA8AE005FE8B7 /* HelloStateUITests */ = {
			isa = PBXGroup;
			children = (
				07D18025244EA8AE005FE8B7 /* HelloStateUITests.swift */,
				07D18027244EA8AE005FE8B7 /* Info.plist */,
			);
			path = HelloStateUITests;
			sourceTree = "<group>";
		};
/* End PBXGroup section */

/* Begin PBXNativeTarget section */
		07D17FFC244EA8AB005FE8B7 /* HelloState */ = {
			isa = PBXNativeTarget;
			buildConfigurationList = 07D1802A244EA8AE005FE8B7 /* Build configuration list for PBXNativeTarget "HelloState" */;
			buildPhases = (
				07D17FF9244EA8AB005FE8B7 /* Sources */,
				07D17FFA244EA8AB005FE8B7 /* Frameworks */,
				07D17FFB244EA8AB005FE8B7 /* Resources */,
			);
			buildRules = (
			);
			dependencies = (
			);
			name = HelloState;
			productName = HelloState;
			productReference = 07D17FFD244EA8AB005FE8B7 /* HelloState.app */;
			productType = "com.apple.product-type.application";
		};
		07D18015244EA8AE005FE8B7 /* HelloStateTests */ = {
			isa = PBXNativeTarget;
			buildConfigurationList = 07D1802D244EA8AE005FE8B7 /* Build configuration list for PBXNativeTarget "HelloStateTests" */;
			buildPhases = (
				07D18012244EA8AE005FE8B7 /* Sources */,
				07D18013244EA8AE005FE8B7 /* Frameworks */,
				07D18014244EA8AE005FE8B7 /* Resources */,
			);
			buildRules = (
			);
			dependencies = (
				07D18018244EA8AE005FE8B7 /* PBXTargetDependency */,
			);
			name = HelloStateTests;
			productName = HelloStateTests;
			productReference = 07D18016244EA8AE005FE8B7 /* HelloStateTests.xctest */;
			productType = "com.apple.product-type.bundle.unit-test";
		};
		07D18020244EA8AE005FE8B7 /* HelloStateUITests */ = {
			isa = PBXNativeTarget;
			buildConfigurationList = 07D18030244EA8AE005FE8B7 /* Build configuration list for PBXNativeTarget "HelloStateUITests" */;
			buildPhases = (
				07D1801D244EA8AE005FE8B7 /* Sources */,
				07D1801E244EA8AE005FE8B7 /* Frameworks */,
				07D1801F244EA8AE005FE8B7 /* Resources */,
			);
			buildRules = (
			);
			dependencies = (
				07D18023244EA8AE005FE8B7 /* PBXTargetDependency */,
			);
			name = HelloStateUITests;
			productName = HelloStateUITests;
			productReference = 07D18021244EA8AE005FE8B7 /* HelloStateUITests.xctest */;
			productType = "com.apple.product-type.bundle.ui-testing";
		};
/* End PBXNativeTarget section */

/* Begin PBXProject section */
		07D17FF5244EA8AB005FE8B7 /* Project object */ = {
			isa = PBXProject;
			attributes = {
				LastSwiftUpdateCheck = 1130;
				LastUpgradeCheck = 1130;
				ORGANIZATIONNAME = "Jovin Menezes";
				TargetAttributes = {
					07D17FFC244EA8AB005FE8B7 = {
						CreatedOnToolsVersion = 11.3.1;
					};
					07D18015244EA8AE005FE8B7 = {
						CreatedOnToolsVersion = 11.3.1;
						TestTargetID = 07D17FFC244EA8AB005FE8B7;
					};
					07D18020244EA8AE005FE8B7 = {
						CreatedOnToolsVersion = 11.3.1;
						TestTargetID = 07D17FFC244EA8AB005FE8B7;
					};
				};
			};
			buildConfigurationList = 07D17FF8244EA8AB005FE8B7 /* Build configuration list for PBXProject "HelloState" */;
			compatibilityVersion = "Xcode 9.3";
			developmentRegion = en;
			hasScannedForEncodings = 0;
			knownRegions = (
				en,
				Base,
			);
			mainGroup = 07D17FF4244EA8AB005FE8B7;
			productRefGroup = 07D17FFE244EA8AB005FE8B7 /* Products */;
			projectDirPath = "";
			projectRoot = "";
			targets = (
				07D17FFC244EA8AB005FE8B7 /* HelloState */,
				07D18015244EA8AE005FE8B7 /* HelloStateTests */,
				07D18020244EA8AE005FE8B7 /* HelloStateUITests */,
			);
		};
/* End PBXProject section */

/* Begin PBXResourcesBuildPhase section */
		07D17FFB244EA8AB005FE8B7 /* Resources */ = {
			isa = PBXResourcesBuildPhase;
			buildActionMask = 2147483647;
			files = (
				07D18010244EA8AE005FE8B7 /* LaunchScreen.storyboard in Resources */,
				07D1800D244EA8AE005FE8B7 /* Preview Assets.xcassets in Resources */,
				07D1800A244EA8AE005FE8B7 /* Assets.xcassets in Resources */,
			);
			runOnlyForDeploymentPostprocessing = 0;
		};
		07D18014244EA8AE005FE8B7 /* Resources */ = {
			isa = PBXResourcesBuildPhase;
			buildActionMask = 2147483647;
			files = (
			);
			runOnlyForDeploymentPostprocessing = 0;
		};
		07D1801F244EA8AE005FE8B7 /* Resources */ = {
			isa = PBXResourcesBuildPhase;
			buildActionMask = 2147483647;
			files = (
			);
			runOnlyForDeploymentPostprocessing = 0;
		};
/* End PBXResourcesBuildPhase section */

/* Begin PBXSourcesBuildPhase section */
		07D17FF9244EA8AB005FE8B7 /* Sources */ = {
			isa = PBXSourcesBuildPhase;
			buildActionMask = 2147483647;
			files = (
				07D18001244EA8AB005FE8B7 /* AppDelegate.swift in Sources */,
				07D18034244EB165005FE8B7 /* Dish.swift in Sources */,
				07D18003244EA8AB005FE8B7 /* SceneDelegate.swift in Sources */,
				07D18008244EA8AB005FE8B7 /* ContentView.swift in Sources */,
				07D18006244EA8AB005FE8B7 /* HelloState.xcdatamodeld in Sources */,
			);
			runOnlyForDeploymentPostprocessing = 0;
		};
		07D18012244EA8AE005FE8B7 /* Sources */ = {
			isa = PBXSourcesBuildPhase;
			buildActionMask = 2147483647;
			files = (
				07D1801B244EA8AE005FE8B7 /* HelloStateTests.swift in Sources */,
			);
			runOnlyForDeploymentPostprocessing = 0;
		};
		07D1801D244EA8AE005FE8B7 /* Sources */ = {
			isa = PBXSourcesBuildPhase;
			buildActionMask = 2147483647;
			files = (
				07D18026244EA8AE005FE8B7 /* HelloStateUITests.swift in Sources */,
			);
			runOnlyForDeploymentPostprocessing = 0;
		};
/* End PBXSourcesBuildPhase section */

/* Begin PBXTargetDependency section */
		07D18018244EA8AE005FE8B7 /* PBXTargetDependency */ = {
			isa = PBXTargetDependency;
			target = 07D17FFC244EA8AB005FE8B7 /* HelloState */;
			targetProxy = 07D18017244EA8AE005FE8B7 /* PBXContainerItemProxy */;
		};
		07D18023244EA8AE005FE8B7 /* PBXTargetDependency */ = {
			isa = PBXTargetDependency;
			target = 07D17FFC244EA8AB005FE8B7 /* HelloState */;
			targetProxy = 07D18022244EA8AE005FE8B7 /* PBXContainerItemProxy */;
		};
/* End PBXTargetDependency section */

/* Begin PBXVariantGroup section */
		07D1800E244EA8AE005FE8B7 /* LaunchScreen.storyboard */ = {
			isa = PBXVariantGroup;
			children = (
				07D1800F244EA8AE005FE8B7 /* Base */,
			);
			name = LaunchScreen.storyboard;
			sourceTree = "<group>";
		};
/* End PBXVariantGroup section */

/* Begin XCBuildConfiguration section */
		07D18028244EA8AE005FE8B7 /* Debug */ = {
			isa = XCBuildConfiguration;
			buildSettings = {
				ALWAYS_SEARCH_USER_PATHS = NO;
				CLANG_ANALYZER_NONNULL = YES;
				CLANG_ANALYZER_NUMBER_OBJECT_CONVERSION = YES_AGGRESSIVE;
				CLANG_CXX_LANGUAGE_STANDARD = "gnu++14";
				CLANG_CXX_LIBRARY = "libc++";
				CLANG_ENABLE_MODULES = YES;
				CLANG_ENABLE_OBJC_ARC = YES;
				CLANG_ENABLE_OBJC_WEAK = YES;
				CLANG_WARN_BLOCK_CAPTURE_AUTORELEASING = YES;
				CLANG_WARN_BOOL_CONVERSION = YES;
				CLANG_WARN_COMMA = YES;
				CLANG_WARN_CONSTANT_CONVERSION = YES;
				CLANG_WARN_DEPRECATED_OBJC_IMPLEMENTATIONS = YES;
				CLANG_WARN_DIRECT_OBJC_ISA_USAGE = YES_ERROR;
				CLANG_WARN_DOCUMENTATION_COMMENTS = YES;
				CLANG_WARN_EMPTY_BODY = YES;
				CLANG_WARN_ENUM_CONVERSION = YES;
				CLANG_WARN_INFINITE_RECURSION = YES;
				CLANG_WARN_INT_CONVERSION = YES;
				CLANG_WARN_NON_LITERAL_NULL_CONVERSION = YES;
				CLANG_WARN_OBJC_IMPLICIT_RETAIN_SELF = YES;
				CLANG_WARN_OBJC_LITERAL_CONVERSION = YES;
				CLANG_WARN_OBJC_ROOT_CLASS = YES_ERROR;
				CLANG_WARN_RANGE_LOOP_ANALYSIS = YES;
				CLANG_WARN_STRICT_PROTOTYPES = YES;
				CLANG_WARN_SUSPICIOUS_MOVE = YES;
				CLANG_WARN_UNGUARDED_AVAILABILITY = YES_AGGRESSIVE;
				CLANG_WARN_UNREACHABLE_CODE = YES;
				CLANG_WARN__DUPLICATE_METHOD_MATCH = YES;
				COPY_PHASE_STRIP = NO;
				DEBUG_INFORMATION_FORMAT = dwarf;
				ENABLE_STRICT_OBJC_MSGSEND = YES;
				ENABLE_TESTABILITY = YES;
				GCC_C_LANGUAGE_STANDARD = gnu11;
				GCC_DYNAMIC_NO_PIC = NO;
				GCC_NO_COMMON_BLOCKS = YES;
				GCC_OPTIMIZATION_LEVEL = 0;
				GCC_PREPROCESSOR_DEFINITIONS = (
					"DEBUG=1",
					"$(inherited)",
				);
				GCC_WARN_64_TO_32_BIT_CONVERSION = YES;
				GCC_WARN_ABOUT_RETURN_TYPE = YES_ERROR;
				GCC_WARN_UNDECLARED_SELECTOR = YES;
				GCC_WARN_UNINITIALIZED_AUTOS = YES_AGGRESSIVE;
				GCC_WARN_UNUSED_FUNCTION = YES;
				GCC_WARN_UNUSED_VARIABLE = YES;
				IPHONEOS_DEPLOYMENT_TARGET = 13.2;
				MTL_ENABLE_DEBUG_INFO = INCLUDE_SOURCE;
				MTL_FAST_MATH = YES;
				ONLY_ACTIVE_ARCH = YES;
				SDKROOT = iphoneos;
				SWIFT_ACTIVE_COMPILATION_CONDITIONS = DEBUG;
				SWIFT_OPTIMIZATION_LEVEL = "-Onone";
			};
			name = Debug;
		};
		07D18029244EA8AE005FE8B7 /* Release */ = {
			isa = XCBuildConfiguration;
			buildSettings = {
				ALWAYS_SEARCH_USER_PATHS = NO;
				CLANG_ANALYZER_NONNULL = YES;
				CLANG_ANALYZER_NUMBER_OBJECT_CONVERSION = YES_AGGRESSIVE;
				CLANG_CXX_LANGUAGE_STANDARD = "gnu++14";
				CLANG_CXX_LIBRARY = "libc++";
				CLANG_ENABLE_MODULES = YES;
				CLANG_ENABLE_OBJC_ARC = YES;
				CLANG_ENABLE_OBJC_WEAK = YES;
				CLANG_WARN_BLOCK_CAPTURE_AUTORELEASING = YES;
				CLANG_WARN_BOOL_CONVERSION = YES;
				CLANG_WARN_COMMA = YES;
				CLANG_WARN_CONSTANT_CONVERSION = YES;
				CLANG_WARN_DEPRECATED_OBJC_IMPLEMENTATIONS = YES;
				CLANG_WARN_DIRECT_OBJC_ISA_USAGE = YES_ERROR;
				CLANG_WARN_DOCUMENTATION_COMMENTS = YES;
				CLANG_WARN_EMPTY_BODY = YES;
				CLANG_WARN_ENUM_CONVERSION = YES;
				CLANG_WARN_INFINITE_RECURSION = YES;
				CLANG_WARN_INT_CONVERSION = YES;
				CLANG_WARN_NON_LITERAL_NULL_CONVERSION = YES;
				CLANG_WARN_OBJC_IMPLICIT_RETAIN_SELF = YES;
				CLANG_WARN_OBJC_LITERAL_CONVERSION = YES;
				CLANG_WARN_OBJC_ROOT_CLASS = YES_ERROR;
				CLANG_WARN_RANGE_LOOP_ANALYSIS = YES;
				CLANG_WARN_STRICT_PROTOTYPES = YES;
				CLANG_WARN_SUSPICIOUS_MOVE = YES;
				CLANG_WARN_UNGUARDED_AVAILABILITY = YES_AGGRESSIVE;
				CLANG_WARN_UNREACHABLE_CODE = YES;
				CLANG_WARN__DUPLICATE_METHOD_MATCH = YES;
				COPY_PHASE_STRIP = NO;
				DEBUG_INFORMATION_FORMAT = "dwarf-with-dsym";
				ENABLE_NS_ASSERTIONS = NO;
				ENABLE_STRICT_OBJC_MSGSEND = YES;
				GCC_C_LANGUAGE_STANDARD = gnu11;
				GCC_NO_COMMON_BLOCKS = YES;
				GCC_WARN_64_TO_32_BIT_CONVERSION = YES;
				GCC_WARN_ABOUT_RETURN_TYPE = YES_ERROR;
				GCC_WARN_UNDECLARED_SELECTOR = YES;
				GCC_WARN_UNINITIALIZED_AUTOS = YES_AGGRESSIVE;
				GCC_WARN_UNUSED_FUNCTION = YES;
				GCC_WARN_UNUSED_VARIABLE = YES;
				IPHONEOS_DEPLOYMENT_TARGET = 13.2;
				MTL_ENABLE_DEBUG_INFO = NO;
				MTL_FAST_MATH = YES;
				SDKROOT = iphoneos;
				SWIFT_COMPILATION_MODE = wholemodule;
				SWIFT_OPTIMIZATION_LEVEL = "-O";
				VALIDATE_PRODUCT = YES;
			};
			name = Release;
		};
		07D1802B244EA8AE005FE8B7 /* Debug */ = {
			isa = XCBuildConfiguration;
			buildSettings = {
				ASSETCATALOG_COMPILER_APPICON_NAME = AppIcon;
				CODE_SIGN_STYLE = Automatic;
				DEVELOPMENT_ASSET_PATHS = "\"HelloState/Preview Content\"";
				ENABLE_PREVIEWS = YES;
				INFOPLIST_FILE = HelloState/Info.plist;
				LD_RUNPATH_SEARCH_PATHS = (
					"$(inherited)",
					"@executable_path/Frameworks",
				);
				PRODUCT_BUNDLE_IDENTIFIER = com.jovin.firebasenotificationdemo.HelloState;
				PRODUCT_NAME = "$(TARGET_NAME)";
				SWIFT_VERSION = 5.0;
				TARGETED_DEVICE_FAMILY = "1,2";
			};
			name = Debug;
		};
		07D1802C244EA8AE005FE8B7 /* Release */ = {
			isa = XCBuildConfiguration;
			buildSettings = {
				ASSETCATALOG_COMPILER_APPICON_NAME = AppIcon;
				CODE_SIGN_STYLE = Automatic;
				DEVELOPMENT_ASSET_PATHS = "\"HelloState/Preview Content\"";
				ENABLE_PREVIEWS = YES;
				INFOPLIST_FILE = HelloState/Info.plist;
				LD_RUNPATH_SEARCH_PATHS = (
					"$(inherited)",
					"@executable_path/Frameworks",
				);
				PRODUCT_BUNDLE_IDENTIFIER = com.jovin.firebasenotificationdemo.HelloState;
				PRODUCT_NAME = "$(TARGET_NAME)";
				SWIFT_VERSION = 5.0;
				TARGETED_DEVICE_FAMILY = "1,2";
			};
			name = Release;
		};
		07D1802E244EA8AE005FE8B7 /* Debug */ = {
			isa = XCBuildConfiguration;
			buildSettings = {
				ALWAYS_EMBED_SWIFT_STANDARD_LIBRARIES = YES;
				BUNDLE_LOADER = "$(TEST_HOST)";
				CODE_SIGN_STYLE = Automatic;
				INFOPLIST_FILE = HelloStateTests/Info.plist;
				IPHONEOS_DEPLOYMENT_TARGET = 13.2;
				LD_RUNPATH_SEARCH_PATHS = (
					"$(inherited)",
					"@executable_path/Frameworks",
					"@loader_path/Frameworks",
				);
				PRODUCT_BUNDLE_IDENTIFIER = com.jovin.firebasenotificationdemo.HelloStateTests;
				PRODUCT_NAME = "$(TARGET_NAME)";
				SWIFT_VERSION = 5.0;
				TARGETED_DEVICE_FAMILY = "1,2";
				TEST_HOST = "$(BUILT_PRODUCTS_DIR)/HelloState.app/HelloState";
			};
			name = Debug;
		};
		07D1802F244EA8AE005FE8B7 /* Release */ = {
			isa = XCBuildConfiguration;
			buildSettings = {
				ALWAYS_EMBED_SWIFT_STANDARD_LIBRARIES = YES;
				BUNDLE_LOADER = "$(TEST_HOST)";
				CODE_SIGN_STYLE = Automatic;
				INFOPLIST_FILE = HelloStateTests/Info.plist;
				IPHONEOS_DEPLOYMENT_TARGET = 13.2;
				LD_RUNPATH_SEARCH_PATHS = (
					"$(inherited)",
					"@executable_path/Frameworks",
					"@loader_path/Frameworks",
				);
				PRODUCT_BUNDLE_IDENTIFIER = com.jovin.firebasenotificationdemo.HelloStateTests;
				PRODUCT_NAME = "$(TARGET_NAME)";
				SWIFT_VERSION = 5.0;
				TARGETED_DEVICE_FAMILY = "1,2";
				TEST_HOST = "$(BUILT_PRODUCTS_DIR)/HelloState.app/HelloState";
			};
			name = Release;
		};
		07D18031244EA8AE005FE8B7 /* Debug */ = {
			isa = XCBuildConfiguration;
			buildSettings = {
				ALWAYS_EMBED_SWIFT_STANDARD_LIBRARIES = YES;
				CODE_SIGN_STYLE = Automatic;
				INFOPLIST_FILE = HelloStateUITests/Info.plist;
				LD_RUNPATH_SEARCH_PATHS = (
					"$(inherited)",
					"@executable_path/Frameworks",
					"@loader_path/Frameworks",
				);
				PRODUCT_BUNDLE_IDENTIFIER = com.jovin.firebasenotificationdemo.HelloStateUITests;
				PRODUCT_NAME = "$(TARGET_NAME)";
				SWIFT_VERSION = 5.0;
				TARGETED_DEVICE_FAMILY = "1,2";
				TEST_TARGET_NAME = HelloState;
			};
			name = Debug;
		};
		07D18032244EA8AE005FE8B7 /* Release */ = {
			isa = XCBuildConfiguration;
			buildSettings = {
				ALWAYS_EMBED_SWIFT_STANDARD_LIBRARIES = YES;
				CODE_SIGN_STYLE = Automatic;
				INFOPLIST_FILE = HelloStateUITests/Info.plist;
				LD_RUNPATH_SEARCH_PATHS = (
					"$(inherited)",
					"@executable_path/Frameworks",
					"@loader_path/Frameworks",
				);
				PRODUCT_BUNDLE_IDENTIFIER = com.jovin.firebasenotificationdemo.HelloStateUITests;
				PRODUCT_NAME = "$(TARGET_NAME)";
				SWIFT_VERSION = 5.0;
				TARGETED_DEVICE_FAMILY = "1,2";
				TEST_TARGET_NAME = HelloState;
			};
			name = Release;
		};
/* End XCBuildConfiguration section */

/* Begin XCConfigurationList section */
		07D17FF8244EA8AB005FE8B7 /* Build configuration list for PBXProject "HelloState" */ = {
			isa = XCConfigurationList;
			buildConfigurations = (
				07D18028244EA8AE005FE8B7 /* Debug */,
				07D18029244EA8AE005FE8B7 /* Release */,
			);
			defaultConfigurationIsVisible = 0;
			defaultConfigurationName = Release;
		};
		07D1802A244EA8AE005FE8B7 /* Build configuration list for PBXNativeTarget "HelloState" */ = {
			isa = XCConfigurationList;
			buildConfigurations = (
				07D1802B244EA8AE005FE8B7 /* Debug */,
				07D1802C244EA8AE005FE8B7 /* Release */,
			);
			defaultConfigurationIsVisible = 0;
			defaultConfigurationName = Release;
		};
		07D1802D244EA8AE005FE8B7 /* Build configuration list for PBXNativeTarget "HelloStateTests" */ = {
			isa = XCConfigurationList;
			buildConfigurations = (
				07D1802E244EA8AE005FE8B7 /* Debug */,
				07D1802F244EA8AE005FE8B7 /* Release */,
			);
			defaultConfigurationIsVisible = 0;
			defaultConfigurationName = Release;
		};
		07D18030244EA8AE005FE8B7 /* Build configuration list for PBXNativeTarget "HelloStateUITests" */ = {
			isa = XCConfigurationList;
			buildConfigurations = (
				07D18031244EA8AE005FE8B7 /* Debug */,
				07D18032244EA8AE005FE8B7 /* Release */,
			);
			defaultConfigurationIsVisible = 0;
			defaultConfigurationName = Release;
		};
/* End XCConfigurationList section */

/* Begin XCVersionGroup section */
		07D18004244EA8AB005FE8B7 /* HelloState.xcdatamodeld */ = {
			isa = XCVersionGroup;
			children = (
				07D18005244EA8AB005FE8B7 /* HelloState.xcdatamodel */,
			);
			currentVersion = 07D18005244EA8AB005FE8B7 /* HelloState.xcdatamodel */;
			path = HelloState.xcdatamodeld;
			sourceTree = "<group>";
			versionGroupType = wrapper.xcdatamodel;
		};
/* End XCVersionGroup section */
	};
	rootObject = 07D17FF5244EA8AB005FE8B7 /* Project object */;
}
